{
    "_meta": {
        "hash": {
            "sha256": "9be8d7918df37a2fc486f8992123ff1c6e800fa2e404c44d668aae6ee811e6d2"
        },
        "pipfile-spec": 6,
        "requires": {
            "python_version": "3.7"
        },
        "sources": [
            {
                "name": "pypi",
                "url": "https://pypi.org/simple",
                "verify_ssl": true
            }
        ]
    },
    "default": {
        "django": {
            "hashes": [
                "sha256:97886b8a13bbc33bfeba2ff133035d3eca014e2309dff2b6da0bdfc0b8656613",
                "sha256:e900b73beee8977c7b887d90c6c57d68af10066b9dac898e1eaf0f82313de334"
            ],
            "index": "pypi",
            "version": "==2.0.7"
        },
        "python-dotenv": {
            "hashes": [
                "sha256:38f22d75f1180256e60c8b06aa06f5254479c1bf5947430c97e3d737d90e8731",
                "sha256:52e8c56e7c362fe9082abc949ea5fed6993c3651e059df0d7c8e18883827d737"
            ],
            "index": "pypi",
            "version": "==0.9.0"
        },
        "pytz": {
            "hashes": [
                "sha256:a061aa0a9e06881eb8b3b2b43f05b9439d6583c206d0a6c340ff72a7b6669053",
                "sha256:ffb9ef1de172603304d9d2819af6f5ece76f2e85ec10692a524dd876e72bf277"
            ],
            "version": "==2018.5"
        }
    },
    "develop": {}
}
